PODS:
  - Nimble (9.0.0)
  - Quick (3.0.0)
  - Vellum (1.2.0)

DEPENDENCIES:
  - Nimble (~> 9.0.0)
  - Quick (~> 3.0.0)
  - Vellum (from `../`)

SPEC REPOS:
  trunk:
    - Nimble
    - Quick

EXTERNAL SOURCES:
  Vellum:
    :path: "../"

SPEC CHECKSUMS:
  Nimble: 3b4ec3fd40f1dc178058e0981107721c615643d8
  Quick: 6d9559f40647bc4d510103842ef2fdd882d753e2
  Vellum: 8470685b32505ba1328ae5ffd58f29756d93459f

PODFILE CHECKSUM: ce5e940018d85ebb5b25f3503c3de7009a1513f1

COCOAPODS: 1.10.1
